// !$*UTF8*$!
{
	archiveVersion = 1;
	classes = {
	};
	objectVersion = 56;
	objects = {

/* Begin PBXBuildFile section */
		DDF2E12A2924E52300057D7F /* AppDelegate.swift in Sources */ = {isa = PBXBuildFile; fileRef = DDF2E1292924E52300057D7F /* AppDelegate.swift */; };
		DDF2E12C2924E52300057D7F /* SceneDelegate.swift in Sources */ = {isa = PBXBuildFile; fileRef = DDF2E12B2924E52300057D7F /* SceneDelegate.swift */; };
		DDF2E12E2924E52300057D7F /* ViewController.swift in Sources */ = {isa = PBXBuildFile; fileRef = DDF2E12D2924E52300057D7F /* ViewController.swift */; };
		DDF2E1312924E52300057D7F /* Main.storyboard in Resources */ = {isa = PBXBuildFile; fileRef = DDF2E12F2924E52300057D7F /* Main.storyboard */; };
		DDF2E1332924E52400057D7F /* Assets.xcassets in Resources */ = {isa = PBXBuildFile; fileRef = DDF2E1322924E52400057D7F /* Assets.xcassets */; };
		DDF2E1362924E52400057D7F /* LaunchScreen.storyboard in Resources */ = {isa = PBXBuildFile; fileRef = DDF2E1342924E52400057D7F /* LaunchScreen.storyboard */; };
		DDF2E1412924E52500057D7F /* testDeployGateTests.swift in Sources */ = {isa = PBXBuildFile; fileRef = DDF2E1402924E52500057D7F /* testDeployGateTests.swift */; };
		DDF2E14B2924E52500057D7F /* testDeployGateUITests.swift in Sources */ = {isa = PBXBuildFile; fileRef = DDF2E14A2924E52500057D7F /* testDeployGateUITests.swift */; };
		DDF2E14D2924E52500057D7F /* testDeployGateUITestsLaunchTests.swift in Sources */ = {isa = PBXBuildFile; fileRef = DDF2E14C2924E52500057D7F /* testDeployGateUITestsLaunchTests.swift */; };
/* End PBXBuildFile section */

/* Begin PBXContainerItemProxy section */
		DDF2E13D2924E52500057D7F /* PBXContainerItemProxy */ = {
			isa = PBXContainerItemProxy;
			containerPortal = DDF2E11E2924E52300057D7F /* Project object */;
			proxyType = 1;
			remoteGlobalIDString = DDF2E1252924E52300057D7F;
			remoteInfo = testDeployGate;
		};
		DDF2E1472924E52500057D7F /* PBXContainerItemProxy */ = {
			isa = PBXContainerItemProxy;
			containerPortal = DDF2E11E2924E52300057D7F /* Project object */;
			proxyType = 1;
			remoteGlobalIDString = DDF2E1252924E52300057D7F;
			remoteInfo = testDeployGate;
		};
/* End PBXContainerItemProxy section */

/* Begin PBXFileReference section */
		DDF2E1262924E52300057D7F /* testDeployGate.app */ = {isa = PBXFileReference; explicitFileType = wrapper.application; includeInIndex = 0; path = testDeployGate.app; sourceTree = BUILT_PRODUCTS_DIR; };
		DDF2E1292924E52300057D7F /* AppDelegate.swift */ = {isa = PBXFileReference; lastKnownFileType = sourcecode.swift; path = AppDelegate.swift; sourceTree = "<group>"; };
		DDF2E12B2924E52300057D7F /* SceneDelegate.swift */ = {isa = PBXFileReference; lastKnownFileType = sourcecode.swift; path = SceneDelegate.swift; sourceTree = "<group>"; };
		DDF2E12D2924E52300057D7F /* ViewController.swift */ = {isa = PBXFileReference; lastKnownFileType = sourcecode.swift; path = ViewController.swift; sourceTree = "<group>"; };
		DDF2E1302924E52300057D7F /* Base */ = {isa = PBXFileReference; lastKnownFileType = file.storyboard; name = Base; path = Base.lproj/Main.storyboard; sourceTree = "<group>"; };
		DDF2E1322924E52400057D7F /* Assets.xcassets */ = {isa = PBXFileReference; lastKnownFileType = folder.assetcatalog; path = Assets.xcassets; sourceTree = "<group>"; };
		DDF2E1352924E52400057D7F /* Base */ = {isa = PBXFileReference; lastKnownFileType = file.storyboard; name = Base; path = Base.lproj/LaunchScreen.storyboard; sourceTree = "<group>"; };
		DDF2E1372924E52400057D7F /* Info.plist */ = {isa = PBXFileReference; lastKnownFileType = text.plist.xml; path = Info.plist; sourceTree = "<group>"; };
		DDF2E13C2924E52500057D7F /* testDeployGateTests.xctest */ = {isa = PBXFileReference; explicitFileType = wrapper.cfbundle; includeInIndex = 0; path = testDeployGateTests.xctest; sourceTree = BUILT_PRODUCTS_DIR; };
		DDF2E1402924E52500057D7F /* testDeployGateTests.swift */ = {isa = PBXFileReference; lastKnownFileType = sourcecode.swift; path = testDeployGateTests.swift; sourceTree = "<group>"; };
		DDF2E1462924E52500057D7F /* testDeployGateUITests.xctest */ = {isa = PBXFileReference; explicitFileType = wrapper.cfbundle; includeInIndex = 0; path = testDeployGateUITests.xctest; sourceTree = BUILT_PRODUCTS_DIR; };
		DDF2E14A2924E52500057D7F /* testDeployGateUITests.swift */ = {isa = PBXFileReference; lastKnownFileType = sourcecode.swift; path = testDeployGateUITests.swift; sourceTree = "<group>"; };
		DDF2E14C2924E52500057D7F /* testDeployGateUITestsLaunchTests.swift */ = {isa = PBXFileReference; lastKnownFileType = sourcecode.swift; path = testDeployGateUITestsLaunchTests.swift; sourceTree = "<group>"; };
/* End PBXFileReference section */

/* Begin PBXFrameworksBuildPhase section */
		DDF2E1232924E52300057D7F /* Frameworks */ = {
			isa = PBXFrameworksBuildPhase;
			buildActionMask = 2147483647;
			files = (
			);
			runOnlyForDeploymentPostprocessing = 0;
		};
		DDF2E1392924E52500057D7F /* Frameworks */ = {
			isa = PBXFrameworksBuildPhase;
			buildActionMask = 2147483647;
			files = (
			);
			runOnlyForDeploymentPostprocessing = 0;
		};
		DDF2E1432924E52500057D7F /* Frameworks */ = {
			isa = PBXFrameworksBuildPhase;
			buildActionMask = 2147483647;
			files = (
			);
			runOnlyForDeploymentPostprocessing = 0;
		};
/* End PBXFrameworksBuildPhase section */

/* Begin PBXGroup section */
		DDF2E11D2924E52300057D7F = {
			isa = PBXGroup;
			children = (
				DDF2E1282924E52300057D7F /* testDeployGate */,
				DDF2E13F2924E52500057D7F /* testDeployGateTests */,
				DDF2E1492924E52500057D7F /* testDeployGateUITests */,
				DDF2E1272924E52300057D7F /* Products */,
			);
			sourceTree = "<group>";
		};
		DDF2E1272924E52300057D7F /* Products */ = {
			isa = PBXGroup;
			children = (
				DDF2E1262924E52300057D7F /* testDeployGate.app */,
				DDF2E13C2924E52500057D7F /* testDeployGateTests.xctest */,
				DDF2E1462924E52500057D7F /* testDeployGateUITests.xctest */,
			);
			name = Products;
			sourceTree = "<group>";
		};
		DDF2E1282924E52300057D7F /* testDeployGate */ = {
			isa = PBXGroup;
			children = (
				DDF2E1292924E52300057D7F /* AppDelegate.swift */,
				DDF2E12B2924E52300057D7F /* SceneDelegate.swift */,
				DDF2E12D2924E52300057D7F /* ViewController.swift */,
				DDF2E12F2924E52300057D7F /* Main.storyboard */,
				DDF2E1322924E52400057D7F /* Assets.xcassets */,
				DDF2E1342924E52400057D7F /* LaunchScreen.storyboard */,
				DDF2E1372924E52400057D7F /* Info.plist */,
			);
			path = testDeployGate;
			sourceTree = "<group>";
		};
		DDF2E13F2924E52500057D7F /* testDeployGateTests */ = {
			isa = PBXGroup;
			children = (
				DDF2E1402924E52500057D7F /* testDeployGateTests.swift */,
			);
			path = testDeployGateTests;
			sourceTree = "<group>";
		};
		DDF2E1492924E52500057D7F /* testDeployGateUITests */ = {
			isa = PBXGroup;
			children = (
				DDF2E14A2924E52500057D7F /* testDeployGateUITests.swift */,
				DDF2E14C2924E52500057D7F /* testDeployGateUITestsLaunchTests.swift */,
			);
			path = testDeployGateUITests;
			sourceTree = "<group>";
		};
/* End PBXGroup section */

/* Begin PBXNativeTarget section */
		DDF2E1252924E52300057D7F /* testDeployGate */ = {
			isa = PBXNativeTarget;
			buildConfigurationList = DDF2E1502924E52500057D7F /* Build configuration list for PBXNativeTarget "testDeployGate" */;
			buildPhases = (
				DDF2E1222924E52300057D7F /* Sources */,
				DDF2E1232924E52300057D7F /* Frameworks */,
				DDF2E1242924E52300057D7F /* Resources */,
			);
			buildRules = (
			);
			dependencies = (
			);
			name = testDeployGate;
			productName = testDeployGate;
			productReference = DDF2E1262924E52300057D7F /* testDeployGate.app */;
			productType = "com.apple.product-type.application";
		};
		DDF2E13B2924E52500057D7F /* testDeployGateTests */ = {
			isa = PBXNativeTarget;
			buildConfigurationList = DDF2E1532924E52500057D7F /* Build configuration list for PBXNativeTarget "testDeployGateTests" */;
			buildPhases = (
				DDF2E1382924E52500057D7F /* Sources */,
				DDF2E1392924E52500057D7F /* Frameworks */,
				DDF2E13A2924E52500057D7F /* Resources */,
			);
			buildRules = (
			);
			dependencies = (
				DDF2E13E2924E52500057D7F /* PBXTargetDependency */,
			);
			name = testDeployGateTests;
			productName = testDeployGateTests;
			productReference = DDF2E13C2924E52500057D7F /* testDeployGateTests.xctest */;
			productType = "com.apple.product-type.bundle.unit-test";
		};
		DDF2E1452924E52500057D7F /* testDeployGateUITests */ = {
			isa = PBXNativeTarget;
			buildConfigurationList = DDF2E1562924E52500057D7F /* Build configuration list for PBXNativeTarget "testDeployGateUITests" */;
			buildPhases = (
				DDF2E1422924E52500057D7F /* Sources */,
				DDF2E1432924E52500057D7F /* Frameworks */,
				DDF2E1442924E52500057D7F /* Resources */,
			);
			buildRules = (
			);
			dependencies = (
				DDF2E1482924E52500057D7F /* PBXTargetDependency */,
			);
			name = testDeployGateUITests;
			productName = testDeployGateUITests;
			productReference = DDF2E1462924E52500057D7F /* testDeployGateUITests.xctest */;
			productType = "com.apple.product-type.bundle.ui-testing";
		};
/* End PBXNativeTarget section */

/* Begin PBXProject section */
		DDF2E11E2924E52300057D7F /* Project object */ = {
			isa = PBXProject;
			attributes = {
				BuildIndependentTargetsInParallel = 1;
				LastSwiftUpdateCheck = 1410;
				LastUpgradeCheck = 1410;
				TargetAttributes = {
					DDF2E1252924E52300057D7F = {
						CreatedOnToolsVersion = 14.1;
					};
					DDF2E13B2924E52500057D7F = {
						CreatedOnToolsVersion = 14.1;
						TestTargetID = DDF2E1252924E52300057D7F;
					};
					DDF2E1452924E52500057D7F = {
						CreatedOnToolsVersion = 14.1;
						TestTargetID = DDF2E1252924E52300057D7F;
					};
				};
			};
			buildConfigurationList = DDF2E1212924E52300057D7F /* Build configuration list for PBXProject "testDeployGate" */;
			compatibilityVersion = "Xcode 14.0";
			developmentRegion = en;
			hasScannedForEncodings = 0;
			knownRegions = (
				en,
				Base,
			);
			mainGroup = DDF2E11D2924E52300057D7F;
			productRefGroup = DDF2E1272924E52300057D7F /* Products */;
			projectDirPath = "";
			projectRoot = "";
			targets = (
				DDF2E1252924E52300057D7F /* testDeployGate */,
				DDF2E13B2924E52500057D7F /* testDeployGateTests */,
				DDF2E1452924E52500057D7F /* testDeployGateUITests */,
			);
		};
/* End PBXProject section */

/* Begin PBXResourcesBuildPhase section */
		DDF2E1242924E52300057D7F /* Resources */ = {
			isa = PBXResourcesBuildPhase;
			buildActionMask = 2147483647;
			files = (
				DDF2E1362924E52400057D7F /* LaunchScreen.storyboard in Resources */,
				DDF2E1332924E52400057D7F /* Assets.xcassets in Resources */,
				DDF2E1312924E52300057D7F /* Main.storyboard in Resources */,
			);
			runOnlyForDeploymentPostprocessing = 0;
		};
		DDF2E13A2924E52500057D7F /* Resources */ = {
			isa = PBXResourcesBuildPhase;
			buildActionMask = 2147483647;
			files = (
			);
			runOnlyForDeploymentPostprocessing = 0;
		};
		DDF2E1442924E52500057D7F /* Resources */ = {
			isa = PBXResourcesBuildPhase;
			buildActionMask = 2147483647;
			files = (
			);
			runOnlyForDeploymentPostprocessing = 0;
		};
/* End PBXResourcesBuildPhase section */

/* Begin PBXSourcesBuildPhase section */
		DDF2E1222924E52300057D7F /* Sources */ = {
			isa = PBXSourcesBuildPhase;
			buildActionMask = 2147483647;
			files = (
				DDF2E12E2924E52300057D7F /* ViewController.swift in Sources */,
				DDF2E12A2924E52300057D7F /* AppDelegate.swift in Sources */,
				DDF2E12C2924E52300057D7F /* SceneDelegate.swift in Sources */,
			);
			runOnlyForDeploymentPostprocessing = 0;
		};
		DDF2E1382924E52500057D7F /* Sources */ = {
			isa = PBXSourcesBuildPhase;
			buildActionMask = 2147483647;
			files = (
				DDF2E1412924E52500057D7F /* testDeployGateTests.swift in Sources */,
			);
			runOnlyForDeploymentPostprocessing = 0;
		};
		DDF2E1422924E52500057D7F /* Sources */ = {
			isa = PBXSourcesBuildPhase;
			buildActionMask = 2147483647;
			files = (
				DDF2E14D2924E52500057D7F /* testDeployGateUITestsLaunchTests.swift in Sources */,
				DDF2E14B2924E52500057D7F /* testDeployGateUITests.swift in Sources */,
			);
			runOnlyForDeploymentPostprocessing = 0;
		};
/* End PBXSourcesBuildPhase section */

/* Begin PBXTargetDependency section */
		DDF2E13E2924E52500057D7F /* PBXTargetDependency */ = {
			isa = PBXTargetDependency;
			target = DDF2E1252924E52300057D7F /* testDeployGate */;
			targetProxy = DDF2E13D2924E52500057D7F /* PBXContainerItemProxy */;
		};
		DDF2E1482924E52500057D7F /* PBXTargetDependency */ = {
			isa = PBXTargetDependency;
			target = DDF2E1252924E52300057D7F /* testDeployGate */;
			targetProxy = DDF2E1472924E52500057D7F /* PBXContainerItemProxy */;
		};
/* End PBXTargetDependency section */

/* Begin PBXVariantGroup section */
		DDF2E12F2924E52300057D7F /* Main.storyboard */ = {
			isa = PBXVariantGroup;
			children = (
				DDF2E1302924E52300057D7F /* Base */,
			);
			name = Main.storyboard;
			sourceTree = "<group>";
		};
		DDF2E1342924E52400057D7F /* LaunchScreen.storyboard */ = {
			isa = PBXVariantGroup;
			children = (
				DDF2E1352924E52400057D7F /* Base */,
			);
			name = LaunchScreen.storyboard;
			sourceTree = "<group>";
		};
/* End PBXVariantGroup section */

/* Begin XCBuildConfiguration section */
		DDF2E14E2924E52500057D7F /* Debug */ = {
			isa = XCBuildConfiguration;
			buildSettings = {
				ALWAYS_SEARCH_USER_PATHS = NO;
				CLANG_ANALYZER_NONNULL = YES;
				CLANG_ANALYZER_NUMBER_OBJECT_CONVERSION = YES_AGGRESSIVE;
				CLANG_CXX_LANGUAGE_STANDARD = "gnu++20";
				CLANG_ENABLE_MODULES = YES;
				CLANG_ENABLE_OBJC_ARC = YES;
				CLANG_ENABLE_OBJC_WEAK = YES;
				CLANG_WARN_BLOCK_CAPTURE_AUTORELEASING = YES;
				CLANG_WARN_BOOL_CONVERSION = YES;
				CLANG_WARN_COMMA = YES;
				CLANG_WARN_CONSTANT_CONVERSION = YES;
				CLANG_WARN_DEPRECATED_OBJC_IMPLEMENTATIONS = YES;
				CLANG_WARN_DIRECT_OBJC_ISA_USAGE = YES_ERROR;
				CLANG_WARN_DOCUMENTATION_COMMENTS = YES;
				CLANG_WARN_EMPTY_BODY = YES;
				CLANG_WARN_ENUM_CONVERSION = YES;
				CLANG_WARN_INFINITE_RECURSION = YES;
				CLANG_WARN_INT_CONVERSION = YES;
				CLANG_WARN_NON_LITERAL_NULL_CONVERSION = YES;
				CLANG_WARN_OBJC_IMPLICIT_RETAIN_SELF = YES;
				CLANG_WARN_OBJC_LITERAL_CONVERSION = YES;
				CLANG_WARN_OBJC_ROOT_CLASS = YES_ERROR;
				CLANG_WARN_QUOTED_INCLUDE_IN_FRAMEWORK_HEADER = YES;
				CLANG_WARN_RANGE_LOOP_ANALYSIS = YES;
				CLANG_WARN_STRICT_PROTOTYPES = YES;
				CLANG_WARN_SUSPICIOUS_MOVE = YES;
				CLANG_WARN_UNGUARDED_AVAILABILITY = YES_AGGRESSIVE;
				CLANG_WARN_UNREACHABLE_CODE = YES;
				CLANG_WARN__DUPLICATE_METHOD_MATCH = YES;
				COPY_PHASE_STRIP = NO;
				DEBUG_INFORMATION_FORMAT = dwarf;
				ENABLE_STRICT_OBJC_MSGSEND = YES;
				ENABLE_TESTABILITY = YES;
				GCC_C_LANGUAGE_STANDARD = gnu11;
				GCC_DYNAMIC_NO_PIC = NO;
				GCC_NO_COMMON_BLOCKS = YES;
				GCC_OPTIMIZATION_LEVEL = 0;
				GCC_PREPROCESSOR_DEFINITIONS = (
					"DEBUG=1",
					"$(inherited)",
				);
				GCC_WARN_64_TO_32_BIT_CONVERSION = YES;
				GCC_WARN_ABOUT_RETURN_TYPE = YES_ERROR;
				GCC_WARN_UNDECLARED_SELECTOR = YES;
				GCC_WARN_UNINITIALIZED_AUTOS = YES_AGGRESSIVE;
				GCC_WARN_UNUSED_FUNCTION = YES;
				GCC_WARN_UNUSED_VARIABLE = YES;
				IPHONEOS_DEPLOYMENT_TARGET = 16.1;
				MTL_ENABLE_DEBUG_INFO = INCLUDE_SOURCE;
				MTL_FAST_MATH = YES;
				ONLY_ACTIVE_ARCH = YES;
				SDKROOT = iphoneos;
				SWIFT_ACTIVE_COMPILATION_CONDITIONS = DEBUG;
				SWIFT_OPTIMIZATION_LEVEL = "-Onone";
			};
			name = Debug;
		};
		DDF2E14F2924E52500057D7F /* Release */ = {
			isa = XCBuildConfiguration;
			buildSettings = {
				ALWAYS_SEARCH_USER_PATHS = NO;
				CLANG_ANALYZER_NONNULL = YES;
				CLANG_ANALYZER_NUMBER_OBJECT_CONVERSION = YES_AGGRESSIVE;
				CLANG_CXX_LANGUAGE_STANDARD = "gnu++20";
				CLANG_ENABLE_MODULES = YES;
				CLANG_ENABLE_OBJC_ARC = YES;
				CLANG_ENABLE_OBJC_WEAK = YES;
				CLANG_WARN_BLOCK_CAPTURE_AUTORELEASING = YES;
				CLANG_WARN_BOOL_CONVERSION = YES;
				CLANG_WARN_COMMA = YES;
				CLANG_WARN_CONSTANT_CONVERSION = YES;
				CLANG_WARN_DEPRECATED_OBJC_IMPLEMENTATIONS = YES;
				CLANG_WARN_DIRECT_OBJC_ISA_USAGE = YES_ERROR;
				CLANG_WARN_DOCUMENTATION_COMMENTS = YES;
				CLANG_WARN_EMPTY_BODY = YES;
				CLANG_WARN_ENUM_CONVERSION = YES;
				CLANG_WARN_INFINITE_RECURSION = YES;
				CLANG_WARN_INT_CONVERSION = YES;
				CLANG_WARN_NON_LITERAL_NULL_CONVERSION = YES;
				CLANG_WARN_OBJC_IMPLICIT_RETAIN_SELF = YES;
				CLANG_WARN_OBJC_LITERAL_CONVERSION = YES;
				CLANG_WARN_OBJC_ROOT_CLASS = YES_ERROR;
				CLANG_WARN_QUOTED_INCLUDE_IN_FRAMEWORK_HEADER = YES;
				CLANG_WARN_RANGE_LOOP_ANALYSIS = YES;
				CLANG_WARN_STRICT_PROTOTYPES = YES;
				CLANG_WARN_SUSPICIOUS_MOVE = YES;
				CLANG_WARN_UNGUARDED_AVAILABILITY = YES_AGGRESSIVE;
				CLANG_WARN_UNREACHABLE_CODE = YES;
				CLANG_WARN__DUPLICATE_METHOD_MATCH = YES;
				COPY_PHASE_STRIP = NO;
				DEBUG_INFORMATION_FORMAT = "dwarf-with-dsym";
				ENABLE_NS_ASSERTIONS = NO;
				ENABLE_STRICT_OBJC_MSGSEND = YES;
				GCC_C_LANGUAGE_STANDARD = gnu11;
				GCC_NO_COMMON_BLOCKS = YES;
				GCC_WARN_64_TO_32_BIT_CONVERSION = YES;
				GCC_WARN_ABOUT_RETURN_TYPE = YES_ERROR;
				GCC_WARN_UNDECLARED_SELECTOR = YES;
				GCC_WARN_UNINITIALIZED_AUTOS = YES_AGGRESSIVE;
				GCC_WARN_UNUSED_FUNCTION = YES;
				GCC_WARN_UNUSED_VARIABLE = YES;
				IPHONEOS_DEPLOYMENT_TARGET = 16.1;
				MTL_ENABLE_DEBUG_INFO = NO;
				MTL_FAST_MATH = YES;
				SDKROOT = iphoneos;
				SWIFT_COMPILATION_MODE = wholemodule;
				SWIFT_OPTIMIZATION_LEVEL = "-O";
				VALIDATE_PRODUCT = YES;
			};
			name = Release;
		};
		DDF2E1512924E52500057D7F /* Debug */ = {
			isa = XCBuildConfiguration;
			buildSettings = {
				ASSETCATALOG_COMPILER_APPICON_NAME = AppIcon;
				ASSETCATALOG_COMPILER_GLOBAL_ACCENT_COLOR_NAME = AccentColor;
				CODE_SIGN_STYLE = Automatic;
				CURRENT_PROJECT_VERSION = 1;
				DEVELOPMENT_TEAM = 2X567257D5;
				GENERATE_INFOPLIST_FILE = YES;
				INFOPLIST_FILE = testDeployGate/Info.plist;
				INFOPLIST_KEY_UIApplicationSupportsIndirectInputEvents = YES;
				INFOPLIST_KEY_UILaunchStoryboardName = LaunchScreen;
				INFOPLIST_KEY_UIMainStoryboardFile = Main;
				INFOPLIST_KEY_UISupportedInterfaceOrientations_iPad = "UIInterfaceOrientationPortrait UIInterfaceOrientationPortraitUpsideDown UIInterfaceOrientationLandscapeLeft UIInterfaceOrientationLandscapeRight";
				INFOPLIST_KEY_UISupportedInterfaceOrientations_iPhone = "UIInterfaceOrientationPortrait UIInterfaceOrientationLandscapeLeft UIInterfaceOrientationLandscapeRight";
				LD_RUNPATH_SEARCH_PATHS = (
					"$(inherited)",
					"@executable_path/Frameworks",
				);
				MARKETING_VERSION = 1.0;
				PRODUCT_BUNDLE_IDENTIFIER = com.puyue.testDeployGate;
				PRODUCT_NAME = "$(TARGET_NAME)";
				SWIFT_EMIT_LOC_STRINGS = YES;
				SWIFT_VERSION = 5.0;
				TARGETED_DEVICE_FAMILY = "1,2";
			};
			name = Debug;
		};
		DDF2E1522924E52500057D7F /* Release */ = {
			isa = XCBuildConfiguration;
			buildSettings = {
				ASSETCATALOG_COMPILER_APPICON_NAME = AppIcon;
				ASSETCATALOG_COMPILER_GLOBAL_ACCENT_COLOR_NAME = AccentColor;
				CODE_SIGN_STYLE = Automatic;
				CURRENT_PROJECT_VERSION = 1;
				DEVELOPMENT_TEAM = 2X567257D5;
				GENERATE_INFOPLIST_FILE = YES;
				INFOPLIST_FILE = testDeployGate/Info.plist;
				INFOPLIST_KEY_UIApplicationSupportsIndirectInputEvents = YES;
				INFOPLIST_KEY_UILaunchStoryboardName = LaunchScreen;
				INFOPLIST_KEY_UIMainStoryboardFile = Main;
				INFOPLIST_KEY_UISupportedInterfaceOrientations_iPad = "UIInterfaceOrientationPortrait UIInterfaceOrientationPortraitUpsideDown UIInterfaceOrientationLandscapeLeft UIInterfaceOrientationLandscapeRight";
				INFOPLIST_KEY_UISupportedInterfaceOrientations_iPhone = "UIInterfaceOrientationPortrait UIInterfaceOrientationLandscapeLeft UIInterfaceOrientationLandscapeRight";
				LD_RUNPATH_SEARCH_PATHS = (
					"$(inherited)",
					"@executable_path/Frameworks",
				);
				MARKETING_VERSION = 1.0;
				PRODUCT_BUNDLE_IDENTIFIER = com.puyue.testDeployGate;
				PRODUCT_NAME = "$(TARGET_NAME)";
				SWIFT_EMIT_LOC_STRINGS = YES;
				SWIFT_VERSION = 5.0;
				TARGETED_DEVICE_FAMILY = "1,2";
			};
			name = Release;
		};
		DDF2E1542924E52500057D7F /* Debug */ = {
			isa = XCBuildConfiguration;
			buildSettings = {
				ALWAYS_EMBED_SWIFT_STANDARD_LIBRARIES = YES;
				BUNDLE_LOADER = "$(TEST_HOST)";
				CODE_SIGN_STYLE = Automatic;
				CURRENT_PROJECT_VERSION = 1;
				DEVELOPMENT_TEAM = 2X567257D5;
				GENERATE_INFOPLIST_FILE = YES;
				IPHONEOS_DEPLOYMENT_TARGET = 16.1;
				MARKETING_VERSION = 1.0;
				PRODUCT_BUNDLE_IDENTIFIER = com.puyue.testDeployGateTests;
				PRODUCT_NAME = "$(TARGET_NAME)";
				SWIFT_EMIT_LOC_STRINGS = NO;
				SWIFT_VERSION = 5.0;
				TARGETED_DEVICE_FAMILY = "1,2";
				TEST_HOST = "$(BUILT_PRODUCTS_DIR)/testDeployGate.app/$(BUNDLE_EXECUTABLE_FOLDER_PATH)/testDeployGate";
			};
			name = Debug;
		};
		DDF2E1552924E52500057D7F /* Release */ = {
			isa = XCBuildConfiguration;
			buildSettings = {
				ALWAYS_EMBED_SWIFT_STANDARD_LIBRARIES = YES;
				BUNDLE_LOADER = "$(TEST_HOST)";
				CODE_SIGN_STYLE = Automatic;
				CURRENT_PROJECT_VERSION = 1;
				DEVELOPMENT_TEAM = 2X567257D5;
				GENERATE_INFOPLIST_FILE = YES;
				IPHONEOS_DEPLOYMENT_TARGET = 16.1;
				MARKETING_VERSION = 1.0;
				PRODUCT_BUNDLE_IDENTIFIER = com.puyue.testDeployGateTests;
				PRODUCT_NAME = "$(TARGET_NAME)";
				SWIFT_EMIT_LOC_STRINGS = NO;
				SWIFT_VERSION = 5.0;
				TARGETED_DEVICE_FAMILY = "1,2";
				TEST_HOST = "$(BUILT_PRODUCTS_DIR)/testDeployGate.app/$(BUNDLE_EXECUTABLE_FOLDER_PATH)/testDeployGate";
			};
			name = Release;
		};
		DDF2E1572924E52500057D7F /* Debug */ = {
			isa = XCBuildConfiguration;
			buildSettings = {
				ALWAYS_EMBED_SWIFT_STANDARD_LIBRARIES = YES;
				CODE_SIGN_STYLE = Automatic;
				CURRENT_PROJECT_VERSION = 1;
				DEVELOPMENT_TEAM = 2X567257D5;
				GENERATE_INFOPLIST_FILE = YES;
				MARKETING_VERSION = 1.0;
				PRODUCT_BUNDLE_IDENTIFIER = com.puyue.testDeployGateUITests;
				PRODUCT_NAME = "$(TARGET_NAME)";
				SWIFT_EMIT_LOC_STRINGS = NO;
				SWIFT_VERSION = 5.0;
				TARGETED_DEVICE_FAMILY = "1,2";
				TEST_TARGET_NAME = testDeployGate;
			};
			name = Debug;
		};
		DDF2E1582924E52500057D7F /* Release */ = {
			isa = XCBuildConfiguration;
			buildSettings = {
				ALWAYS_EMBED_SWIFT_STANDARD_LIBRARIES = YES;
				CODE_SIGN_STYLE = Automatic;
				CURRENT_PROJECT_VERSION = 1;
				DEVELOPMENT_TEAM = 2X567257D5;
				GENERATE_INFOPLIST_FILE = YES;
				MARKETING_VERSION = 1.0;
				PRODUCT_BUNDLE_IDENTIFIER = com.puyue.testDeployGateUITests;
				PRODUCT_NAME = "$(TARGET_NAME)";
				SWIFT_EMIT_LOC_STRINGS = NO;
				SWIFT_VERSION = 5.0;
				TARGETED_DEVICE_FAMILY = "1,2";
				TEST_TARGET_NAME = testDeployGate;
			};
			name = Release;
		};
/* End XCBuildConfiguration section */

/* Begin XCConfigurationList section */
		DDF2E1212924E52300057D7F /* Build configuration list for PBXProject "testDeployGate" */ = {
			isa = XCConfigurationList;
			buildConfigurations = (
				DDF2E14E2924E52500057D7F /* Debug */,
				DDF2E14F2924E52500057D7F /* Release */,
			);
			defaultConfigurationIsVisible = 0;
			defaultConfigurationName = Release;
		};
		DDF2E1502924E52500057D7F /* Build configuration list for PBXNativeTarget "testDeployGate" */ = {
			isa = XCConfigurationList;
			buildConfigurations = (
				DDF2E1512924E52500057D7F /* Debug */,
				DDF2E1522924E52500057D7F /* Release */,
			);
			defaultConfigurationIsVisible = 0;
			defaultConfigurationName = Release;
		};
		DDF2E1532924E52500057D7F /* Build configuration list for PBXNativeTarget "testDeployGateTests" */ = {
			isa = XCConfigurationList;
			buildConfigurations = (
				DDF2E1542924E52500057D7F /* Debug */,
				DDF2E1552924E52500057D7F /* Release */,
			);
			defaultConfigurationIsVisible = 0;
			defaultConfigurationName = Release;
		};
		DDF2E1562924E52500057D7F /* Build configuration list for PBXNativeTarget "testDeployGateUITests" */ = {
			isa = XCConfigurationList;
			buildConfigurations = (
				DDF2E1572924E52500057D7F /* Debug */,
				DDF2E1582924E52500057D7F /* Release */,
			);
			defaultConfigurationIsVisible = 0;
			defaultConfigurationName = Release;
		};
/* End XCConfigurationList section */
	};
	rootObject = DDF2E11E2924E52300057D7F /* Project object */;
}
